
Microsoft Visual Studio Solution File, Format Version 12.00
# Visual Studio Version 17
VisualStudioVersion = 17.1.32210.238
MinimumVisualStudioVersion = 10.0.40219.1
Project("{FAE04EC0-301F-11D3-BF4B-00C04F79EFBC}") = "DependencyInjectionWithAutofac", "DependencyInjectionWithAutofac\DependencyInjectionWithAutofac.csproj", "{F4827DA7-EB0B-433C-9D32-06641FD7D9F1}"
EndProject
Global
	GlobalSection(SolutionConfigurationPlatforms) = preSolution
		Debug|Any CPU = Debug|Any CPU
		Release|Any CPU = Release|Any CPU
	EndGlobalSection
	GlobalSection(ProjectConfigurationPlatforms) = postSolution
		{F4827DA7-EB0B-433C-9D32-06641FD7D9F1}.Debug|Any CPU.ActiveCfg = Debug|Any CPU
		{F4827DA7-EB0B-433C-9D32-06641FD7D9F1}.Debug|Any CPU.Build.0 = Debug|Any CPU
		{F4827DA7-EB0B-433C-9D32-06641FD7D9F1}.Release|Any CPU.ActiveCfg = Release|Any CPU
		{F4827DA7-EB0B-433C-9D32-06641FD7D9F1}.Release|Any CPU.Build.0 = Release|Any CPU
	EndGlobalSection
	GlobalSection(SolutionProperties) = preSolution
		HideSolutionNode = FALSE
	EndGlobalSection
	GlobalSection(ExtensibilityGlobals) = postSolution
		SolutionGuid = {BE567506-D2B8-4AEA-B26D-D247A87D6810}
	EndGlobalSection
EndGlobal
